
Microsoft Visual Studio Solution File, Format Version 12.00
# Visual Studio Version 17
VisualStudioVersion = 17.0.31912.275
MinimumVisualStudioVersion = 10.0.40219.1
Project("{9A19103F-16F7-4668-BE54-9A1E7A4F7556}") = "CSharp10", "CSharp10\CSharp10.csproj", "{3C01A607-4D31-47C3-8E52-36275E49B46D}"
EndProject
Project("{FAE04EC0-301F-11D3-BF4B-00C04F79EFBC}") = "CSharp_9", "CSharp9\CSharp_9.csproj", "{0ECB9EC0-0D24-45EF-8C37-5BECD8C07163}"
EndProject
Project("{FAE04EC0-301F-11D3-BF4B-00C04F79EFBC}") = "CSharp_8", "CSharp8\CSharp_8.csproj", "{94973238-8A8A-4EE1-BEB6-EDE64370F054}"
EndProject
Global
	GlobalSection(SolutionConfigurationPlatforms) = preSolution
		Debug|Any CPU = Debug|Any CPU
		Release|Any CPU = Release|Any CPU
	EndGlobalSection
	GlobalSection(ProjectConfigurationPlatforms) = postSolution
		{3C01A607-4D31-47C3-8E52-36275E49B46D}.Debug|Any CPU.ActiveCfg = Debug|Any CPU
		{3C01A607-4D31-47C3-8E52-36275E49B46D}.Debug|Any CPU.Build.0 = Debug|Any CPU
		{3C01A607-4D31-47C3-8E52-36275E49B46D}.Release|Any CPU.ActiveCfg = Release|Any CPU
		{3C01A607-4D31-47C3-8E52-36275E49B46D}.Release|Any CPU.Build.0 = Release|Any CPU
		{0ECB9EC0-0D24-45EF-8C37-5BECD8C07163}.Debug|Any CPU.ActiveCfg = Debug|Any CPU
		{0ECB9EC0-0D24-45EF-8C37-5BECD8C07163}.Debug|Any CPU.Build.0 = Debug|Any CPU
		{0ECB9EC0-0D24-45EF-8C37-5BECD8C07163}.Release|Any CPU.ActiveCfg = Release|Any CPU
		{0ECB9EC0-0D24-45EF-8C37-5BECD8C07163}.Release|Any CPU.Build.0 = Release|Any CPU
		{94973238-8A8A-4EE1-BEB6-EDE64370F054}.Debug|Any CPU.ActiveCfg = Debug|Any CPU
		{94973238-8A8A-4EE1-BEB6-EDE64370F054}.Debug|Any CPU.Build.0 = Debug|Any CPU
		{94973238-8A8A-4EE1-BEB6-EDE64370F054}.Release|Any CPU.ActiveCfg = Release|Any CPU
		{94973238-8A8A-4EE1-BEB6-EDE64370F054}.Release|Any CPU.Build.0 = Release|Any CPU
	EndGlobalSection
	GlobalSection(SolutionProperties) = preSolution
		HideSolutionNode = FALSE
	EndGlobalSection
	GlobalSection(ExtensibilityGlobals) = postSolution
		SolutionGuid = {C265D81D-EA7D-4D1E-BEE3-688220074128}
	EndGlobalSection
EndGlobal
